Microsoft Visual Studio Solution File, Format Version 12.00
# Visual Studio Version 16
VisualStudioVersion = 16.0.30621.155
MinimumVisualStudioVersion = 10.0.40219.1
Project("{9A19103F-16F7-4668-BE54-9A1E7A4F7556}") = "GradeBook", "GradeBook.csproj", "{C53F96E1-7657-4D89-A533-31BB66583B45}"
EndProject
Global
	GlobalSection(SolutionConfigurationPlatforms) = preSolution
		Debug|Any CPU = Debug|Any CPU
		Release|Any CPU = Release|Any CPU
	EndGlobalSection
	GlobalSection(ProjectConfigurationPlatforms) = postSolution
		{C53F96E1-7657-4D89-A533-31BB66583B45}.Debug|Any CPU.ActiveCfg = Debug|Any CPU
		{C53F96E1-7657-4D89-A533-31BB66583B45}.Debug|Any CPU.Build.0 = Debug|Any CPU
		{C53F96E1-7657-4D89-A533-31BB66583B45}.Release|Any CPU.ActiveCfg = Release|Any CPU
		{C53F96E1-7657-4D89-A533-31BB66583B45}.Release|Any CPU.Build.0 = Release|Any CPU
	EndGlobalSection
	GlobalSection(SolutionProperties) = preSolution
		HideSolutionNode = FALSE
	EndGlobalSection
	GlobalSection(ExtensibilityGlobals) = postSolution
		SolutionGuid = {2F6C3AB7-C570-41AD-8D7E-73DB416F2ADA}
	EndGlobalSection
EndGlobal
